
Microsoft Visual Studio Solution File, Format Version 12.00
# Visual Studio Version 17
VisualStudioVersion = 17.6.33723.286
MinimumVisualStudioVersion = 10.0.40219.1
Project("{FAE04EC0-301F-11D3-BF4B-00C04F79EFBC}") = "TeleCord", "TeleCord.csproj", "{7A77C558-191D-4671-B1DF-0801DB300E4A}"
EndProject
Global
	GlobalSection(SolutionConfigurationPlatforms) = preSolution
		Debug|Any CPU = Debug|Any CPU
		Release|Any CPU = Release|Any CPU
	EndGlobalSection
	GlobalSection(ProjectConfigurationPlatforms) = postSolution
		{7A77C558-191D-4671-B1DF-0801DB300E4A}.Debug|Any CPU.ActiveCfg = Debug|Any CPU
		{7A77C558-191D-4671-B1DF-0801DB300E4A}.Debug|Any CPU.Build.0 = Debug|Any CPU
		{7A77C558-191D-4671-B1DF-0801DB300E4A}.Release|Any CPU.ActiveCfg = Release|Any CPU
		{7A77C558-191D-4671-B1DF-0801DB300E4A}.Release|Any CPU.Build.0 = Release|Any CPU
	EndGlobalSection
	GlobalSection(SolutionProperties) = preSolution
		HideSolutionNode = FALSE
	EndGlobalSection
	GlobalSection(ExtensibilityGlobals) = postSolution
		SolutionGuid = {DB20C142-1137-4B92-976B-25926B72C274}
	EndGlobalSection
EndGlobal
